// !$*UTF8*$!
{
	archiveVersion = 1;
	classes = {
	};
	objectVersion = 50;
	objects = {

/* Begin PBXBuildFile section */
		FA08B30925D00D3600C38073 /* AppDelegate.swift in Sources */ = {isa = PBXBuildFile; fileRef = FA08B30825D00D3600C38073 /* AppDelegate.swift */; };
		FA08B30B25D00D3600C38073 /* SceneDelegate.swift in Sources */ = {isa = PBXBuildFile; fileRef = FA08B30A25D00D3600C38073 /* SceneDelegate.swift */; };
		FA08B30D25D00D3600C38073 /* ViewController.swift in Sources */ = {isa = PBXBuildFile; fileRef = FA08B30C25D00D3600C38073 /* ViewController.swift */; };
		FA08B31025D00D3600C38073 /* Main.storyboard in Resources */ = {isa = PBXBuildFile; fileRef = FA08B30E25D00D3600C38073 /* Main.storyboard */; };
		FA08B31225D00D3A00C38073 /* Assets.xcassets in Resources */ = {isa = PBXBuildFile; fileRef = FA08B31125D00D3A00C38073 /* Assets.xcassets */; };
		FA08B31525D00D3A00C38073 /* LaunchScreen.storyboard in Resources */ = {isa = PBXBuildFile; fileRef = FA08B31325D00D3A00C38073 /* LaunchScreen.storyboard */; };
		FA08B32025D00D3B00C38073 /* EssentialFeedTests.swift in Sources */ = {isa = PBXBuildFile; fileRef = FA08B31F25D00D3B00C38073 /* EssentialFeedTests.swift */; };
		FA08B32B25D00D3B00C38073 /* EssentialFeedUITests.swift in Sources */ = {isa = PBXBuildFile; fileRef = FA08B32A25D00D3B00C38073 /* EssentialFeedUITests.swift */; };
		FA08B33E25D00DE000C38073 /* RemoteFeedLoader.swift in Sources */ = {isa = PBXBuildFile; fileRef = FA08B33D25D00DE000C38073 /* RemoteFeedLoader.swift */; };
		FA08B34325D0D7D900C38073 /* RemoteFeedLoaderTests.swift in Sources */ = {isa = PBXBuildFile; fileRef = FA08B34225D0D7D900C38073 /* RemoteFeedLoaderTests.swift */; };
/* End PBXBuildFile section */

/* Begin PBXContainerItemProxy section */
		FA08B31C25D00D3B00C38073 /* PBXContainerItemProxy */ = {
			isa = PBXContainerItemProxy;
			containerPortal = FA08B2FD25D00D3600C38073 /* Project object */;
			proxyType = 1;
			remoteGlobalIDString = FA08B30425D00D3600C38073;
			remoteInfo = EssentialFeed;
		};
		FA08B32725D00D3B00C38073 /* PBXContainerItemProxy */ = {
			isa = PBXContainerItemProxy;
			containerPortal = FA08B2FD25D00D3600C38073 /* Project object */;
			proxyType = 1;
			remoteGlobalIDString = FA08B30425D00D3600C38073;
			remoteInfo = EssentialFeed;
		};
/* End PBXContainerItemProxy section */

/* Begin PBXFileReference section */
		FA08B30525D00D3600C38073 /* EssentialFeed.app */ = {isa = PBXFileReference; explicitFileType = wrapper.application; includeInIndex = 0; path = EssentialFeed.app; sourceTree = BUILT_PRODUCTS_DIR; };
		FA08B30825D00D3600C38073 /* AppDelegate.swift */ = {isa = PBXFileReference; lastKnownFileType = sourcecode.swift; path = AppDelegate.swift; sourceTree = "<group>"; };
		FA08B30A25D00D3600C38073 /* SceneDelegate.swift */ = {isa = PBXFileReference; lastKnownFileType = sourcecode.swift; path = SceneDelegate.swift; sourceTree = "<group>"; };
		FA08B30C25D00D3600C38073 /* ViewController.swift */ = {isa = PBXFileReference; lastKnownFileType = sourcecode.swift; path = ViewController.swift; sourceTree = "<group>"; };
		FA08B30F25D00D3600C38073 /* Base */ = {isa = PBXFileReference; lastKnownFileType = file.storyboard; name = Base; path = Base.lproj/Main.storyboard; sourceTree = "<group>"; };
		FA08B31125D00D3A00C38073 /* Assets.xcassets */ = {isa = PBXFileReference; lastKnownFileType = folder.assetcatalog; path = Assets.xcassets; sourceTree = "<group>"; };
		FA08B31425D00D3A00C38073 /* Base */ = {isa = PBXFileReference; lastKnownFileType = file.storyboard; name = Base; path = Base.lproj/LaunchScreen.storyboard; sourceTree = "<group>"; };
		FA08B31625D00D3A00C38073 /* Info.plist */ = {isa = PBXFileReference; lastKnownFileType = text.plist.xml; path = Info.plist; sourceTree = "<group>"; };
		FA08B31B25D00D3B00C38073 /* EssentialFeedTests.xctest */ = {isa = PBXFileReference; explicitFileType = wrapper.cfbundle; includeInIndex = 0; path = EssentialFeedTests.xctest; sourceTree = BUILT_PRODUCTS_DIR; };
		FA08B31F25D00D3B00C38073 /* EssentialFeedTests.swift */ = {isa = PBXFileReference; lastKnownFileType = sourcecode.swift; path = EssentialFeedTests.swift; sourceTree = "<group>"; };
		FA08B32125D00D3B00C38073 /* Info.plist */ = {isa = PBXFileReference; lastKnownFileType = text.plist.xml; path = Info.plist; sourceTree = "<group>"; };
		FA08B32625D00D3B00C38073 /* EssentialFeedUITests.xctest */ = {isa = PBXFileReference; explicitFileType = wrapper.cfbundle; includeInIndex = 0; path = EssentialFeedUITests.xctest; sourceTree = BUILT_PRODUCTS_DIR; };
		FA08B32A25D00D3B00C38073 /* EssentialFeedUITests.swift */ = {isa = PBXFileReference; lastKnownFileType = sourcecode.swift; path = EssentialFeedUITests.swift; sourceTree = "<group>"; };
		FA08B32C25D00D3B00C38073 /* Info.plist */ = {isa = PBXFileReference; lastKnownFileType = text.plist.xml; path = Info.plist; sourceTree = "<group>"; };
		FA08B33D25D00DE000C38073 /* RemoteFeedLoader.swift */ = {isa = PBXFileReference; lastKnownFileType = sourcecode.swift; path = RemoteFeedLoader.swift; sourceTree = "<group>"; };
		FA08B34225D0D7D900C38073 /* RemoteFeedLoaderTests.swift */ = {isa = PBXFileReference; lastKnownFileType = sourcecode.swift; path = RemoteFeedLoaderTests.swift; sourceTree = "<group>"; };
/* End PBXFileReference section */

/* Begin PBXFrameworksBuildPhase section */
		FA08B30225D00D3600C38073 /* Frameworks */ = {
			isa = PBXFrameworksBuildPhase;
			buildActionMask = 2147483647;
			files = (
			);
			runOnlyForDeploymentPostprocessing = 0;
		};
		FA08B31825D00D3B00C38073 /* Frameworks */ = {
			isa = PBXFrameworksBuildPhase;
			buildActionMask = 2147483647;
			files = (
			);
			runOnlyForDeploymentPostprocessing = 0;
		};
		FA08B32325D00D3B00C38073 /* Frameworks */ = {
			isa = PBXFrameworksBuildPhase;
			buildActionMask = 2147483647;
			files = (
			);
			runOnlyForDeploymentPostprocessing = 0;
		};
/* End PBXFrameworksBuildPhase section */

/* Begin PBXGroup section */
		FA08B2FC25D00D3600C38073 = {
			isa = PBXGroup;
			children = (
				FA08B30725D00D3600C38073 /* EssentialFeed */,
				FA08B31E25D00D3B00C38073 /* EssentialFeedTests */,
				FA08B32925D00D3B00C38073 /* EssentialFeedUITests */,
				FA08B30625D00D3600C38073 /* Products */,
			);
			sourceTree = "<group>";
		};
		FA08B30625D00D3600C38073 /* Products */ = {
			isa = PBXGroup;
			children = (
				FA08B30525D00D3600C38073 /* EssentialFeed.app */,
				FA08B31B25D00D3B00C38073 /* EssentialFeedTests.xctest */,
				FA08B32625D00D3B00C38073 /* EssentialFeedUITests.xctest */,
			);
			name = Products;
			sourceTree = "<group>";
		};
		FA08B30725D00D3600C38073 /* EssentialFeed */ = {
			isa = PBXGroup;
			children = (
				FA14661F25D17CAA00BD2C88 /* Feed APi */,
				FA08B33C25D00D9800C38073 /* Feed Feature */,
				FA08B33B25D00D7F00C38073 /* AppDelegate */,
				FA08B30C25D00D3600C38073 /* ViewController.swift */,
				FA08B30E25D00D3600C38073 /* Main.storyboard */,
				FA08B31125D00D3A00C38073 /* Assets.xcassets */,
				FA08B31325D00D3A00C38073 /* LaunchScreen.storyboard */,
				FA08B31625D00D3A00C38073 /* Info.plist */,
			);
			path = EssentialFeed;
			sourceTree = "<group>";
		};
		FA08B31E25D00D3B00C38073 /* EssentialFeedTests */ = {
			isa = PBXGroup;
			children = (
				FA08B31F25D00D3B00C38073 /* EssentialFeedTests.swift */,
				FA08B32125D00D3B00C38073 /* Info.plist */,
				FA08B34225D0D7D900C38073 /* RemoteFeedLoaderTests.swift */,
			);
			path = EssentialFeedTests;
			sourceTree = "<group>";
		};
		FA08B32925D00D3B00C38073 /* EssentialFeedUITests */ = {
			isa = PBXGroup;
			children = (
				FA08B32A25D00D3B00C38073 /* EssentialFeedUITests.swift */,
				FA08B32C25D00D3B00C38073 /* Info.plist */,
			);
			path = EssentialFeedUITests;
			sourceTree = "<group>";
		};
		FA08B33B25D00D7F00C38073 /* AppDelegate */ = {
			isa = PBXGroup;
			children = (
				FA08B30A25D00D3600C38073 /* SceneDelegate.swift */,
				FA08B30825D00D3600C38073 /* AppDelegate.swift */,
			);
			path = AppDelegate;
			sourceTree = "<group>";
		};
		FA08B33C25D00D9800C38073 /* Feed Feature */ = {
			isa = PBXGroup;
			children = (
			);
			path = "Feed Feature";
			sourceTree = "<group>";
		};
		FA14661F25D17CAA00BD2C88 /* Feed APi */ = {
			isa = PBXGroup;
			children = (
				FA08B33D25D00DE000C38073 /* RemoteFeedLoader.swift */,
			);
			path = "Feed APi";
			sourceTree = "<group>";
		};
/* End PBXGroup section */

/* Begin PBXNativeTarget section */
		FA08B30425D00D3600C38073 /* EssentialFeed */ = {
			isa = PBXNativeTarget;
			buildConfigurationList = FA08B32F25D00D3B00C38073 /* Build configuration list for PBXNativeTarget "EssentialFeed" */;
			buildPhases = (
				FA08B30125D00D3600C38073 /* Sources */,
				FA08B30225D00D3600C38073 /* Frameworks */,
				FA08B30325D00D3600C38073 /* Resources */,
			);
			buildRules = (
			);
			dependencies = (
			);
			name = EssentialFeed;
			productName = EssentialFeed;
			productReference = FA08B30525D00D3600C38073 /* EssentialFeed.app */;
			productType = "com.apple.product-type.application";
		};
		FA08B31A25D00D3B00C38073 /* EssentialFeedTests */ = {
			isa = PBXNativeTarget;
			buildConfigurationList = FA08B33225D00D3B00C38073 /* Build configuration list for PBXNativeTarget "EssentialFeedTests" */;
			buildPhases = (
				FA08B31725D00D3B00C38073 /* Sources */,
				FA08B31825D00D3B00C38073 /* Frameworks */,
				FA08B31925D00D3B00C38073 /* Resources */,
			);
			buildRules = (
			);
			dependencies = (
				FA08B31D25D00D3B00C38073 /* PBXTargetDependency */,
			);
			name = EssentialFeedTests;
			productName = EssentialFeedTests;
			productReference = FA08B31B25D00D3B00C38073 /* EssentialFeedTests.xctest */;
			productType = "com.apple.product-type.bundle.unit-test";
		};
		FA08B32525D00D3B00C38073 /* EssentialFeedUITests */ = {
			isa = PBXNativeTarget;
			buildConfigurationList = FA08B33525D00D3B00C38073 /* Build configuration list for PBXNativeTarget "EssentialFeedUITests" */;
			buildPhases = (
				FA08B32225D00D3B00C38073 /* Sources */,
				FA08B32325D00D3B00C38073 /* Frameworks */,
				FA08B32425D00D3B00C38073 /* Resources */,
			);
			buildRules = (
			);
			dependencies = (
				FA08B32825D00D3B00C38073 /* PBXTargetDependency */,
			);
			name = EssentialFeedUITests;
			productName = EssentialFeedUITests;
			productReference = FA08B32625D00D3B00C38073 /* EssentialFeedUITests.xctest */;
			productType = "com.apple.product-type.bundle.ui-testing";
		};
/* End PBXNativeTarget section */

/* Begin PBXProject section */
		FA08B2FD25D00D3600C38073 /* Project object */ = {
			isa = PBXProject;
			attributes = {
				LastSwiftUpdateCheck = 1220;
				LastUpgradeCheck = 1220;
				TargetAttributes = {
					FA08B30425D00D3600C38073 = {
						CreatedOnToolsVersion = 12.2;
					};
					FA08B31A25D00D3B00C38073 = {
						CreatedOnToolsVersion = 12.2;
						TestTargetID = FA08B30425D00D3600C38073;
					};
					FA08B32525D00D3B00C38073 = {
						CreatedOnToolsVersion = 12.2;
						TestTargetID = FA08B30425D00D3600C38073;
					};
				};
			};
			buildConfigurationList = FA08B30025D00D3600C38073 /* Build configuration list for PBXProject "EssentialFeed" */;
			compatibilityVersion = "Xcode 9.3";
			developmentRegion = en;
			hasScannedForEncodings = 0;
			knownRegions = (
				en,
				Base,
			);
			mainGroup = FA08B2FC25D00D3600C38073;
			productRefGroup = FA08B30625D00D3600C38073 /* Products */;
			projectDirPath = "";
			projectRoot = "";
			targets = (
				FA08B30425D00D3600C38073 /* EssentialFeed */,
				FA08B31A25D00D3B00C38073 /* EssentialFeedTests */,
				FA08B32525D00D3B00C38073 /* EssentialFeedUITests */,
			);
		};
/* End PBXProject section */

/* Begin PBXResourcesBuildPhase section */
		FA08B30325D00D3600C38073 /* Resources */ = {
			isa = PBXResourcesBuildPhase;
			buildActionMask = 2147483647;
			files = (
				FA08B31525D00D3A00C38073 /* LaunchScreen.storyboard in Resources */,
				FA08B31225D00D3A00C38073 /* Assets.xcassets in Resources */,
				FA08B31025D00D3600C38073 /* Main.storyboard in Resources */,
			);
			runOnlyForDeploymentPostprocessing = 0;
		};
		FA08B31925D00D3B00C38073 /* Resources */ = {
			isa = PBXResourcesBuildPhase;
			buildActionMask = 2147483647;
			files = (
			);
			runOnlyForDeploymentPostprocessing = 0;
		};
		FA08B32425D00D3B00C38073 /* Resources */ = {
			isa = PBXResourcesBuildPhase;
			buildActionMask = 2147483647;
			files = (
			);
			runOnlyForDeploymentPostprocessing = 0;
		};
/* End PBXResourcesBuildPhase section */

/* Begin PBXSourcesBuildPhase section */
		FA08B30125D00D3600C38073 /* Sources */ = {
			isa = PBXSourcesBuildPhase;
			buildActionMask = 2147483647;
			files = (
				FA08B33E25D00DE000C38073 /* RemoteFeedLoader.swift in Sources */,
				FA08B30D25D00D3600C38073 /* ViewController.swift in Sources */,
				FA08B30925D00D3600C38073 /* AppDelegate.swift in Sources */,
				FA08B30B25D00D3600C38073 /* SceneDelegate.swift in Sources */,
			);
			runOnlyForDeploymentPostprocessing = 0;
		};
		FA08B31725D00D3B00C38073 /* Sources */ = {
			isa = PBXSourcesBuildPhase;
			buildActionMask = 2147483647;
			files = (
				FA08B34325D0D7D900C38073 /* RemoteFeedLoaderTests.swift in Sources */,
				FA08B32025D00D3B00C38073 /* EssentialFeedTests.swift in Sources */,
			);
			runOnlyForDeploymentPostprocessing = 0;
		};
		FA08B32225D00D3B00C38073 /* Sources */ = {
			isa = PBXSourcesBuildPhase;
			buildActionMask = 2147483647;
			files = (
				FA08B32B25D00D3B00C38073 /* EssentialFeedUITests.swift in Sources */,
			);
			runOnlyForDeploymentPostprocessing = 0;
		};
/* End PBXSourcesBuildPhase section */

/* Begin PBXTargetDependency section */
		FA08B31D25D00D3B00C38073 /* PBXTargetDependency */ = {
			isa = PBXTargetDependency;
			target = FA08B30425D00D3600C38073 /* EssentialFeed */;
			targetProxy = FA08B31C25D00D3B00C38073 /* PBXContainerItemProxy */;
		};
		FA08B32825D00D3B00C38073 /* PBXTargetDependency */ = {
			isa = PBXTargetDependency;
			target = FA08B30425D00D3600C38073 /* EssentialFeed */;
			targetProxy = FA08B32725D00D3B00C38073 /* PBXContainerItemProxy */;
		};
/* End PBXTargetDependency section */

/* Begin PBXVariantGroup section */
		FA08B30E25D00D3600C38073 /* Main.storyboard */ = {
			isa = PBXVariantGroup;
			children = (
				FA08B30F25D00D3600C38073 /* Base */,
			);
			name = Main.storyboard;
			sourceTree = "<group>";
		};
		FA08B31325D00D3A00C38073 /* LaunchScreen.storyboard */ = {
			isa = PBXVariantGroup;
			children = (
				FA08B31425D00D3A00C38073 /* Base */,
			);
			name = LaunchScreen.storyboard;
			sourceTree = "<group>";
		};
/* End PBXVariantGroup section */

/* Begin XCBuildConfiguration section */
		FA08B32D25D00D3B00C38073 /* Debug */ = {
			isa = XCBuildConfiguration;
			buildSettings = {
				ALWAYS_SEARCH_USER_PATHS = NO;
				CLANG_ANALYZER_NONNULL = YES;
				CLANG_ANALYZER_NUMBER_OBJECT_CONVERSION = YES_AGGRESSIVE;
				CLANG_CXX_LANGUAGE_STANDARD = "gnu++14";
				CLANG_CXX_LIBRARY = "libc++";
				CLANG_ENABLE_MODULES = YES;
				CLANG_ENABLE_OBJC_ARC = YES;
				CLANG_ENABLE_OBJC_WEAK = YES;
				CLANG_WARN_BLOCK_CAPTURE_AUTORELEASING = YES;
				CLANG_WARN_BOOL_CONVERSION = YES;
				CLANG_WARN_COMMA = YES;
				CLANG_WARN_CONSTANT_CONVERSION = YES;
				CLANG_WARN_DEPRECATED_OBJC_IMPLEMENTATIONS = YES;
				CLANG_WARN_DIRECT_OBJC_ISA_USAGE = YES_ERROR;
				CLANG_WARN_DOCUMENTATION_COMMENTS = YES;
				CLANG_WARN_EMPTY_BODY = YES;
				CLANG_WARN_ENUM_CONVERSION = YES;
				CLANG_WARN_INFINITE_RECURSION = YES;
				CLANG_WARN_INT_CONVERSION = YES;
				CLANG_WARN_NON_LITERAL_NULL_CONVERSION = YES;
				CLANG_WARN_OBJC_IMPLICIT_RETAIN_SELF = YES;
				CLANG_WARN_OBJC_LITERAL_CONVERSION = YES;
				CLANG_WARN_OBJC_ROOT_CLASS = YES_ERROR;
				CLANG_WARN_QUOTED_INCLUDE_IN_FRAMEWORK_HEADER = YES;
				CLANG_WARN_RANGE_LOOP_ANALYSIS = YES;
				CLANG_WARN_STRICT_PROTOTYPES = YES;
				CLANG_WARN_SUSPICIOUS_MOVE = YES;
				CLANG_WARN_UNGUARDED_AVAILABILITY = YES_AGGRESSIVE;
				CLANG_WARN_UNREACHABLE_CODE = YES;
				CLANG_WARN__DUPLICATE_METHOD_MATCH = YES;
				COPY_PHASE_STRIP = NO;
				DEBUG_INFORMATION_FORMAT = dwarf;
				ENABLE_STRICT_OBJC_MSGSEND = YES;
				ENABLE_TESTABILITY = YES;
				GCC_C_LANGUAGE_STANDARD = gnu11;
				GCC_DYNAMIC_NO_PIC = NO;
				GCC_NO_COMMON_BLOCKS = YES;
				GCC_OPTIMIZATION_LEVEL = 0;
				GCC_PREPROCESSOR_DEFINITIONS = (
					"DEBUG=1",
					"$(inherited)",
				);
				GCC_WARN_64_TO_32_BIT_CONVERSION = YES;
				GCC_WARN_ABOUT_RETURN_TYPE = YES_ERROR;
				GCC_WARN_UNDECLARED_SELECTOR = YES;
				GCC_WARN_UNINITIALIZED_AUTOS = YES_AGGRESSIVE;
				GCC_WARN_UNUSED_FUNCTION = YES;
				GCC_WARN_UNUSED_VARIABLE = YES;
				IPHONEOS_DEPLOYMENT_TARGET = 14.2;
				MTL_ENABLE_DEBUG_INFO = INCLUDE_SOURCE;
				MTL_FAST_MATH = YES;
				ONLY_ACTIVE_ARCH = YES;
				SDKROOT = iphoneos;
				SWIFT_ACTIVE_COMPILATION_CONDITIONS = DEBUG;
				SWIFT_OPTIMIZATION_LEVEL = "-Onone";
			};
			name = Debug;
		};
		FA08B32E25D00D3B00C38073 /* Release */ = {
			isa = XCBuildConfiguration;
			buildSettings = {
				ALWAYS_SEARCH_USER_PATHS = NO;
				CLANG_ANALYZER_NONNULL = YES;
				CLANG_ANALYZER_NUMBER_OBJECT_CONVERSION = YES_AGGRESSIVE;
				CLANG_CXX_LANGUAGE_STANDARD = "gnu++14";
				CLANG_CXX_LIBRARY = "libc++";
				CLANG_ENABLE_MODULES = YES;
				CLANG_ENABLE_OBJC_ARC = YES;
				CLANG_ENABLE_OBJC_WEAK = YES;
				CLANG_WARN_BLOCK_CAPTURE_AUTORELEASING = YES;
				CLANG_WARN_BOOL_CONVERSION = YES;
				CLANG_WARN_COMMA = YES;
				CLANG_WARN_CONSTANT_CONVERSION = YES;
				CLANG_WARN_DEPRECATED_OBJC_IMPLEMENTATIONS = YES;
				CLANG_WARN_DIRECT_OBJC_ISA_USAGE = YES_ERROR;
				CLANG_WARN_DOCUMENTATION_COMMENTS = YES;
				CLANG_WARN_EMPTY_BODY = YES;
				CLANG_WARN_ENUM_CONVERSION = YES;
				CLANG_WARN_INFINITE_RECURSION = YES;
				CLANG_WARN_INT_CONVERSION = YES;
				CLANG_WARN_NON_LITERAL_NULL_CONVERSION = YES;
				CLANG_WARN_OBJC_IMPLICIT_RETAIN_SELF = YES;
				CLANG_WARN_OBJC_LITERAL_CONVERSION = YES;
				CLANG_WARN_OBJC_ROOT_CLASS = YES_ERROR;
				CLANG_WARN_QUOTED_INCLUDE_IN_FRAMEWORK_HEADER = YES;
				CLANG_WARN_RANGE_LOOP_ANALYSIS = YES;
				CLANG_WARN_STRICT_PROTOTYPES = YES;
				CLANG_WARN_SUSPICIOUS_MOVE = YES;
				CLANG_WARN_UNGUARDED_AVAILABILITY = YES_AGGRESSIVE;
				CLANG_WARN_UNREACHABLE_CODE = YES;
				CLANG_WARN__DUPLICATE_METHOD_MATCH = YES;
				COPY_PHASE_STRIP = NO;
				DEBUG_INFORMATION_FORMAT = "dwarf-with-dsym";
				ENABLE_NS_ASSERTIONS = NO;
				ENABLE_STRICT_OBJC_MSGSEND = YES;
				GCC_C_LANGUAGE_STANDARD = gnu11;
				GCC_NO_COMMON_BLOCKS = YES;
				GCC_WARN_64_TO_32_BIT_CONVERSION = YES;
				GCC_WARN_ABOUT_RETURN_TYPE = YES_ERROR;
				GCC_WARN_UNDECLARED_SELECTOR = YES;
				GCC_WARN_UNINITIALIZED_AUTOS = YES_AGGRESSIVE;
				GCC_WARN_UNUSED_FUNCTION = YES;
				GCC_WARN_UNUSED_VARIABLE = YES;
				IPHONEOS_DEPLOYMENT_TARGET = 14.2;
				MTL_ENABLE_DEBUG_INFO = NO;
				MTL_FAST_MATH = YES;
				SDKROOT = iphoneos;
				SWIFT_COMPILATION_MODE = wholemodule;
				SWIFT_OPTIMIZATION_LEVEL = "-O";
				VALIDATE_PRODUCT = YES;
			};
			name = Release;
		};
		FA08B33025D00D3B00C38073 /* Debug */ = {
			isa = XCBuildConfiguration;
			buildSettings = {
				ASSETCATALOG_COMPILER_APPICON_NAME = AppIcon;
				ASSETCATALOG_COMPILER_GLOBAL_ACCENT_COLOR_NAME = AccentColor;
				CODE_SIGN_STYLE = Automatic;
				DEVELOPMENT_TEAM = JTX457YL5S;
				INFOPLIST_FILE = EssentialFeed/Info.plist;
				LD_RUNPATH_SEARCH_PATHS = (
					"$(inherited)",
					"@executable_path/Frameworks",
				);
				PRODUCT_BUNDLE_IDENTIFIER = in.Hiten.EssentialFeed;
				PRODUCT_NAME = "$(TARGET_NAME)";
				SWIFT_VERSION = 5.0;
				TARGETED_DEVICE_FAMILY = "1,2";
			};
			name = Debug;
		};
		FA08B33125D00D3B00C38073 /* Release */ = {
			isa = XCBuildConfiguration;
			buildSettings = {
				ASSETCATALOG_COMPILER_APPICON_NAME = AppIcon;
				ASSETCATALOG_COMPILER_GLOBAL_ACCENT_COLOR_NAME = AccentColor;
				CODE_SIGN_STYLE = Automatic;
				DEVELOPMENT_TEAM = JTX457YL5S;
				INFOPLIST_FILE = EssentialFeed/Info.plist;
				LD_RUNPATH_SEARCH_PATHS = (
					"$(inherited)",
					"@executable_path/Frameworks",
				);
				PRODUCT_BUNDLE_IDENTIFIER = in.Hiten.EssentialFeed;
				PRODUCT_NAME = "$(TARGET_NAME)";
				SWIFT_VERSION = 5.0;
				TARGETED_DEVICE_FAMILY = "1,2";
			};
			name = Release;
		};
		FA08B33325D00D3B00C38073 /* Debug */ = {
			isa = XCBuildConfiguration;
			buildSettings = {
				ALWAYS_EMBED_SWIFT_STANDARD_LIBRARIES = YES;
				BUNDLE_LOADER = "$(TEST_HOST)";
				CODE_SIGN_STYLE = Automatic;
				DEVELOPMENT_TEAM = JTX457YL5S;
				INFOPLIST_FILE = EssentialFeedTests/Info.plist;
				IPHONEOS_DEPLOYMENT_TARGET = 14.2;
				LD_RUNPATH_SEARCH_PATHS = (
					"$(inherited)",
					"@executable_path/Frameworks",
					"@loader_path/Frameworks",
				);
				PRODUCT_BUNDLE_IDENTIFIER = in.Hiten.EssentialFeedTests;
				PRODUCT_NAME = "$(TARGET_NAME)";
				SWIFT_VERSION = 5.0;
				TARGETED_DEVICE_FAMILY = "1,2";
				TEST_HOST = "$(BUILT_PRODUCTS_DIR)/EssentialFeed.app/EssentialFeed";
			};
			name = Debug;
		};
		FA08B33425D00D3B00C38073 /* Release */ = {
			isa = XCBuildConfiguration;
			buildSettings = {
				ALWAYS_EMBED_SWIFT_STANDARD_LIBRARIES = YES;
				BUNDLE_LOADER = "$(TEST_HOST)";
				CODE_SIGN_STYLE = Automatic;
				DEVELOPMENT_TEAM = JTX457YL5S;
				INFOPLIST_FILE = EssentialFeedTests/Info.plist;
				IPHONEOS_DEPLOYMENT_TARGET = 14.2;
				LD_RUNPATH_SEARCH_PATHS = (
					"$(inherited)",
					"@executable_path/Frameworks",
					"@loader_path/Frameworks",
				);
				PRODUCT_BUNDLE_IDENTIFIER = in.Hiten.EssentialFeedTests;
				PRODUCT_NAME = "$(TARGET_NAME)";
				SWIFT_VERSION = 5.0;
				TARGETED_DEVICE_FAMILY = "1,2";
				TEST_HOST = "$(BUILT_PRODUCTS_DIR)/EssentialFeed.app/EssentialFeed";
			};
			name = Release;
		};
		FA08B33625D00D3B00C38073 /* Debug */ = {
			isa = XCBuildConfiguration;
			buildSettings = {
				ALWAYS_EMBED_SWIFT_STANDARD_LIBRARIES = YES;
				CODE_SIGN_STYLE = Automatic;
				DEVELOPMENT_TEAM = JTX457YL5S;
				INFOPLIST_FILE = EssentialFeedUITests/Info.plist;
				LD_RUNPATH_SEARCH_PATHS = (
					"$(inherited)",
					"@executable_path/Frameworks",
					"@loader_path/Frameworks",
				);
				PRODUCT_BUNDLE_IDENTIFIER = in.Hiten.EssentialFeedUITests;
				PRODUCT_NAME = "$(TARGET_NAME)";
				SWIFT_VERSION = 5.0;
				TARGETED_DEVICE_FAMILY = "1,2";
				TEST_TARGET_NAME = EssentialFeed;
			};
			name = Debug;
		};
		FA08B33725D00D3B00C38073 /* Release */ = {
			isa = XCBuildConfiguration;
			buildSettings = {
				ALWAYS_EMBED_SWIFT_STANDARD_LIBRARIES = YES;
				CODE_SIGN_STYLE = Automatic;
				DEVELOPMENT_TEAM = JTX457YL5S;
				INFOPLIST_FILE = EssentialFeedUITests/Info.plist;
				LD_RUNPATH_SEARCH_PATHS = (
					"$(inherited)",
					"@executable_path/Frameworks",
					"@loader_path/Frameworks",
				);
				PRODUCT_BUNDLE_IDENTIFIER = in.Hiten.EssentialFeedUITests;
				PRODUCT_NAME = "$(TARGET_NAME)";
				SWIFT_VERSION = 5.0;
				TARGETED_DEVICE_FAMILY = "1,2";
				TEST_TARGET_NAME = EssentialFeed;
			};
			name = Release;
		};
/* End XCBuildConfiguration section */

/* Begin XCConfigurationList section */
		FA08B30025D00D3600C38073 /* Build configuration list for PBXProject "EssentialFeed" */ = {
			isa = XCConfigurationList;
			buildConfigurations = (
				FA08B32D25D00D3B00C38073 /* Debug */,
				FA08B32E25D00D3B00C38073 /* Release */,
			);
			defaultConfigurationIsVisible = 0;
			defaultConfigurationName = Release;
		};
		FA08B32F25D00D3B00C38073 /* Build configuration list for PBXNativeTarget "EssentialFeed" */ = {
			isa = XCConfigurationList;
			buildConfigurations = (
				FA08B33025D00D3B00C38073 /* Debug */,
				FA08B33125D00D3B00C38073 /* Release */,
			);
			defaultConfigurationIsVisible = 0;
			defaultConfigurationName = Release;
		};
		FA08B33225D00D3B00C38073 /* Build configuration list for PBXNativeTarget "EssentialFeedTests" */ = {
			isa = XCConfigurationList;
			buildConfigurations = (
				FA08B33325D00D3B00C38073 /* Debug */,
				FA08B33425D00D3B00C38073 /* Release */,
			);
			defaultConfigurationIsVisible = 0;
			defaultConfigurationName = Release;
		};
		FA08B33525D00D3B00C38073 /* Build configuration list for PBXNativeTarget "EssentialFeedUITests" */ = {
			isa = XCConfigurationList;
			buildConfigurations = (
				FA08B33625D00D3B00C38073 /* Debug */,
				FA08B33725D00D3B00C38073 /* Release */,
			);
			defaultConfigurationIsVisible = 0;
			defaultConfigurationName = Release;
		};
/* End XCConfigurationList section */
	};
	rootObject = FA08B2FD25D00D3600C38073 /* Project object */;
}
